<Solution>
  <Configurations>
    <Platform Name="x64" />
    <Platform Name="x86" />
  </Configurations>
  <Project Path="08_homeworke/08_homeworke.vcxproj" Id="6953d012-b324-4115-9416-a71117bf7865" />
  <Project Path="09_homeworke/09_homeworke.vcxproj" Id="23014d5d-9194-4da9-bae8-7ceb48b5ff92" />
  <Project Path="10_homeworke/10_homeworke.vcxproj" Id="ad63c8a3-f6fc-4468-9abf-4bb541f5272b" />
  <Project Path="10_linear_search_and_sort/10_linear_search_and_sort.vcxproj" Id="3fbeef02-6f27-45fb-ae1b-3215297b55d1" />
  <Project Path="11_Recursion_QuickSort/11_Recursion_QuickSort.vcxproj" Id="87d9d3ce-11e1-416b-9b32-478f091caa55" />
  <Project Path="12_homeworke/12_homeworke.vcxproj" Id="ac929740-271a-4ec1-b717-537cc3e7bdda" />
  <Project Path="12_pointers/12_pointers.vcxproj" Id="4e19ebb7-44f0-4886-8818-9962389e03ad" />
  <Project Path="13_homeworke/13_homeworke.vcxproj" Id="9d25f0e0-bcaf-4ab1-a67d-779e1150f673" />
  <Project Path="13_links_and_dynamic_memory/13_links_and_dynamic_memory.vcxproj" Id="d97a7b91-d5de-43ef-8cbf-4b0f40b62922" />
  <Project Path="14_dynamic_two_demention_array/14_dynamic_two_demention_array.vcxproj" Id="51276bc0-c3a0-4ea1-9221-5b4bf69a0015" />
  <Project Path="15_C_style_rows/15_C_style_rows.vcxproj" Id="4cacebca-9dbd-4112-bf2e-5ca6de6c82d9" />
  <Project Path="1_homeworke/1_homeworke.vcxproj" Id="8ad6c683-c5d2-4f2d-9647-d4f57f6fd4b8" />
  <Project Path="1_intro_to_C++/1_intro_to_C++.vcxproj" Id="c77c8f08-d42b-4285-870c-b316e37760fa" />
  <Project Path="2_data_typse/2_data_typse.vcxproj" Id="8419a1e6-90f3-45ae-9906-b7b698cd96e4" />
  <Project Path="2_homeworke/2_homeworke.vcxproj" Id="cbc9453e-a644-4f45-8b36-a4b51bf800c8" />
  <Project Path="3_homeworke/3_homeworke.vcxproj" Id="040d9d29-8d8d-4068-a2b3-52c45d2489bb" />
  <Project Path="3_Operator/3_Operator.vcxproj" Id="82180eb7-37d1-473e-9239-23143750f102" />
  <Project Path="4_enum_cycles/4_enum_cycles.vcxproj" Id="fb236e40-f57c-4cf8-8aad-a7ff62471667" />
  <Project Path="4_homeworke/4_homeworke.vcxproj" Id="097491e7-f846-4aa0-b245-0d13080fbd19" />
  <Project Path="5_include_cycles/5_include_cycles.vcxproj" Id="d3b09440-d3c3-49c0-be4d-b8efee68f03f" />
  <Project Path="6_array/6_array.vcxproj" Id="b47a4c15-ed76-4771-8f49-271c4d54f0f3" />
  <Project Path="6_homeworke/6_homeworke.vcxproj" Id="f15de922-7917-4f5f-9088-2c38a25e147b" />
  <Project Path="7_two_demention_array/7_two_demention_array.vcxproj" Id="86b37716-ff5d-4b98-81ac-ca99e47b8156" />
  <Project Path="8_function/8_function.vcxproj" Id="1f682ae2-f6f7-4809-baf6-8ade7cb598bf" />
  <Project Path="9_template_function/9_template_function.vcxproj" Id="6c196608-bf45-4912-832d-717474010a01" />
</Solution>
